
Microsoft Visual Studio Solution File, Format Version 12.00
# Visual Studio Version 17
VisualStudioVersion = 17.7.34031.279
MinimumVisualStudioVersion = 10.0.40219.1
Project("{FAE04EC0-301F-11D3-BF4B-00C04F79EFBC}") = "NewsServer", "NewsServer\NewsServer.csproj", "{9EBBDDDA-E09D-4CDF-B7F6-378F846EF256}"
EndProject
Project("{FAE04EC0-301F-11D3-BF4B-00C04F79EFBC}") = "NewsClient", "NewsClient\NewsClient.csproj", "{EF59B662-F9EE-460F-9198-65600F133689}"
EndProject
Global
	GlobalSection(SolutionConfigurationPlatforms) = preSolution
		Debug|Any CPU = Debug|Any CPU
		Release|Any CPU = Release|Any CPU
	EndGlobalSection
	GlobalSection(ProjectConfigurationPlatforms) = postSolution
		{9EBBDDDA-E09D-4CDF-B7F6-378F846EF256}.Debug|Any CPU.ActiveCfg = Debug|Any CPU
		{9EBBDDDA-E09D-4CDF-B7F6-378F846EF256}.Debug|Any CPU.Build.0 = Debug|Any CPU
		{9EBBDDDA-E09D-4CDF-B7F6-378F846EF256}.Release|Any CPU.ActiveCfg = Release|Any CPU
		{9EBBDDDA-E09D-4CDF-B7F6-378F846EF256}.Release|Any CPU.Build.0 = Release|Any CPU
		{EF59B662-F9EE-460F-9198-65600F133689}.Debug|Any CPU.ActiveCfg = Debug|Any CPU
		{EF59B662-F9EE-460F-9198-65600F133689}.Debug|Any CPU.Build.0 = Debug|Any CPU
		{EF59B662-F9EE-460F-9198-65600F133689}.Release|Any CPU.ActiveCfg = Release|Any CPU
		{EF59B662-F9EE-460F-9198-65600F133689}.Release|Any CPU.Build.0 = Release|Any CPU
	EndGlobalSection
	GlobalSection(SolutionProperties) = preSolution
		HideSolutionNode = FALSE
	EndGlobalSection
	GlobalSection(ExtensibilityGlobals) = postSolution
		SolutionGuid = {C00DFDFA-9EB5-4D7F-8497-DE06428E349E}
	EndGlobalSection
EndGlobal
